
Microsoft Visual Studio Solution File, Format Version 12.00
# Visual Studio 15
Project("{FAE04EC0-301F-11D3-BF4B-00C04F79EFBC}") = "Assembly-CSharp", "Assembly-CSharp.csproj", "{BD6687D0-AC32-084F-5B3A-32D54348A821}"
EndProject
Project("{FAE04EC0-301F-11D3-BF4B-00C04F79EFBC}") = "PathCreator", "PathCreator.csproj", "{9BFA4237-1251-E016-77AC-E28EF4BB58B7}"
EndProject
Project("{FAE04EC0-301F-11D3-BF4B-00C04F79EFBC}") = "PathCreatorEditor", "PathCreatorEditor.csproj", "{A96674AB-2D47-96DD-69B2-0D3C34099F05}"
EndProject
Project("{FAE04EC0-301F-11D3-BF4B-00C04F79EFBC}") = "Assembly-CSharp-Editor", "Assembly-CSharp-Editor.csproj", "{0E276DDA-6178-34A0-3A76-55E0F783F464}"
EndProject
Global
	GlobalSection(SolutionConfigurationPlatforms) = preSolution
		Debug|Any CPU = Debug|Any CPU
		Release|Any CPU = Release|Any CPU
	EndGlobalSection
	GlobalSection(ProjectConfigurationPlatforms) = postSolution
		{BD6687D0-AC32-084F-5B3A-32D54348A821}.Debug|Any CPU.ActiveCfg = Debug|Any CPU
		{BD6687D0-AC32-084F-5B3A-32D54348A821}.Debug|Any CPU.Build.0 = Debug|Any CPU
		{BD6687D0-AC32-084F-5B3A-32D54348A821}.Release|Any CPU.ActiveCfg = Release|Any CPU
		{BD6687D0-AC32-084F-5B3A-32D54348A821}.Release|Any CPU.Build.0 = Release|Any CPU
		{9BFA4237-1251-E016-77AC-E28EF4BB58B7}.Debug|Any CPU.ActiveCfg = Debug|Any CPU
		{9BFA4237-1251-E016-77AC-E28EF4BB58B7}.Debug|Any CPU.Build.0 = Debug|Any CPU
		{9BFA4237-1251-E016-77AC-E28EF4BB58B7}.Release|Any CPU.ActiveCfg = Release|Any CPU
		{9BFA4237-1251-E016-77AC-E28EF4BB58B7}.Release|Any CPU.Build.0 = Release|Any CPU
		{A96674AB-2D47-96DD-69B2-0D3C34099F05}.Debug|Any CPU.ActiveCfg = Debug|Any CPU
		{A96674AB-2D47-96DD-69B2-0D3C34099F05}.Debug|Any CPU.Build.0 = Debug|Any CPU
		{A96674AB-2D47-96DD-69B2-0D3C34099F05}.Release|Any CPU.ActiveCfg = Release|Any CPU
		{A96674AB-2D47-96DD-69B2-0D3C34099F05}.Release|Any CPU.Build.0 = Release|Any CPU
		{0E276DDA-6178-34A0-3A76-55E0F783F464}.Debug|Any CPU.ActiveCfg = Debug|Any CPU
		{0E276DDA-6178-34A0-3A76-55E0F783F464}.Debug|Any CPU.Build.0 = Debug|Any CPU
		{0E276DDA-6178-34A0-3A76-55E0F783F464}.Release|Any CPU.ActiveCfg = Release|Any CPU
		{0E276DDA-6178-34A0-3A76-55E0F783F464}.Release|Any CPU.Build.0 = Release|Any CPU
	EndGlobalSection
	GlobalSection(SolutionProperties) = preSolution
		HideSolutionNode = FALSE
	EndGlobalSection
EndGlobal
